{
  "name": "capsulo-ai-proxy",
  "version": "1.0.0",
  "lockfileVersion": 3,
  "requires": true,
  "packages": {
    "": {
      "name": "capsulo-ai-proxy",
      "version": "1.0.0",
      "dependencies": {
        "@cloudflare/ai": "^1.2.2",
        "@cloudflare/ai-utils": "^1.0.1",
        "ai": "^6.0.39",
        "hono": "^4.6.14",
        "workers-ai-provider": "^3.0.0"
      },
      "devDependencies": {
        "@cloudflare/workers-types": "^4.20241205.0",
        "wrangler": "^3.99.0"
      }
    },
    "../../node_modules/.pnpm/@cloudflare+ai@1.2.2/node_modules/@cloudflare/ai": {
      "version": "1.2.2",
      "license": "MIT",
      "devDependencies": {
        "@rollup/plugin-json": "^6.1.0",
        "@rollup/plugin-replace": "^5.0.5",
        "@rollup/plugin-terser": "^0.2.1",
        "@rollup/plugin-typescript": "^10.0.1",
        "@types/mocha": "^10.0.6",
        "@types/mustache": "^4.2.4",
        "@types/node": "^20.11.19",
        "@types/semver": "^7.5.6",
        "dotenv": "^16.3.1",
        "mocha": "^10.3.0",
        "mustache": "^4.2.0",
        "prettier": "^2.8.8",
        "rollup": "^3.25.1",
        "rollup-plugin-bundle-size": "^1.0.3",
        "rollup-plugin-copy": "^3.4.0",
        "semver": "^7.6.0",
        "ts-node": "^10.9.2",
        "tsc-bundle": "^0.1.3",
        "tsup": "^7.2.0",
        "typescript": "^5.3.3"
      }
    },
    "../../node_modules/.pnpm/@cloudflare+workers-types@4.20260203.0/node_modules/@cloudflare/workers-types": {
      "version": "4.20260203.0",
      "dev": true,
      "license": "MIT OR Apache-2.0"
    },
    "../../node_modules/.pnpm/ai@6.0.69_zod@4.3.6/node_modules/ai": {
      "version": "6.0.69",
      "license": "Apache-2.0",
      "dependencies": {
        "@ai-sdk/gateway": "3.0.32",
        "@ai-sdk/provider": "3.0.7",
        "@ai-sdk/provider-utils": "4.0.13",
        "@opentelemetry/api": "1.9.0"
      },
      "devDependencies": {
        "@ai-sdk/test-server": "1.0.3",
        "@edge-runtime/vm": "^5.0.0",
        "@types/json-schema": "7.0.15",
        "@types/node": "20.17.24",
        "@vercel/ai-tsconfig": "0.0.0",
        "esbuild": "^0.24.2",
        "eslint": "8.57.1",
        "eslint-config-vercel-ai": "0.0.0",
        "tsup": "^7.2.0",
        "tsx": "^4.19.2",
        "typescript": "5.8.3",
        "zod": "3.25.76"
      },
      "engines": {
        "node": ">=18"
      },
      "peerDependencies": {
        "zod": "^3.25.76 || ^4.1.8"
      }
    },
    "../../node_modules/.pnpm/hono@4.11.7/node_modules/hono": {
      "version": "4.11.7",
      "license": "MIT",
      "devDependencies": {
        "@hono/eslint-config": "^2.0.5",
        "@hono/node-server": "^1.13.5",
        "@types/glob": "^9.0.0",
        "@types/jsdom": "^21.1.7",
        "@types/node": "^24.3.0",
        "@typescript/native-preview": "7.0.0-dev.20251220.1",
        "@vitest/coverage-v8": "^3.2.4",
        "arg": "^5.0.2",
        "bun-types": "^1.2.20",
        "editorconfig-checker": "6.1.1",
        "esbuild": "^0.27.1",
        "eslint": "9.39.1",
        "glob": "^11.0.0",
        "jsdom": "22.1.0",
        "msw": "^2.6.0",
        "np": "10.2.0",
        "oxc-parser": "^0.96.0",
        "pkg-pr-new": "^0.0.53",
        "prettier": "3.7.4",
        "publint": "0.3.15",
        "typescript": "^5.9.2",
        "undici": "^6.21.3",
        "vite-plugin-fastly-js-compute": "^0.4.2",
        "vitest": "^3.2.4",
        "wrangler": "4.12.0",
        "ws": "^8.18.0",
        "zod": "^3.23.8"
      },
      "engines": {
        "node": ">=16.9.0"
      }
    },
    "../../node_modules/.pnpm/workers-ai-provider@3.0.4_@ai-sdk+provider-utils@4.0.13_zod@4.3.6__@ai-sdk+provider@3.0.7_ai@6.0.69_zod@4.3.6__zod@4.3.6/node_modules/workers-ai-provider": {
      "version": "3.0.4",
      "license": "MIT",
      "devDependencies": {
        "@ai-sdk/provider": "^3.0.5",
        "@ai-sdk/provider-utils": "^4.0.10",
        "@cloudflare/workers-types": "^4.20260128.0",
        "ai": "^6.0.59",
        "zod": "^4.3.6"
      },
      "peerDependencies": {
        "@ai-sdk/provider": "^3.0.0",
        "@ai-sdk/provider-utils": "^4.0.0",
        "ai": "^6.0.0",
        "zod": "^3.25.0 || ^4.0.0"
      }
    },
    "../../node_modules/.pnpm/wrangler@3.114.17_@cloudflare+workers-types@4.20260203.0/node_modules/wrangler": {
      "version": "3.114.17",
      "dev": true,
      "license": "MIT OR Apache-2.0",
      "dependencies": {
        "@cloudflare/kv-asset-handler": "0.3.4",
        "@cloudflare/unenv-preset": "2.0.2",
        "@esbuild-plugins/node-globals-polyfill": "0.2.3",
        "@esbuild-plugins/node-modules-polyfill": "0.2.2",
        "blake3-wasm": "2.1.5",
        "esbuild": "0.17.19",
        "miniflare": "3.20250718.3",
        "path-to-regexp": "6.3.0",
        "unenv": "2.0.0-rc.14",
        "workerd": "1.20250718.0"
      },
      "bin": {
        "wrangler": "bin/wrangler.js",
        "wrangler2": "bin/wrangler.js"
      },
      "devDependencies": {
        "@aws-sdk/client-s3": "^3.721.0",
        "@cloudflare/cli": "1.1.1",
        "@cloudflare/eslint-config-worker": "1.1.0",
        "@cloudflare/pages-shared": "0.13.22",
        "@cloudflare/types": "6.18.4",
        "@cloudflare/workers-shared": "0.15.1",
        "@cloudflare/workers-tsconfig": "0.0.0",
        "@cloudflare/workers-types": "^4.20250408.0",
        "@cspotcode/source-map-support": "0.8.1",
        "@iarna/toml": "^3.0.0",
        "@microsoft/api-extractor": "^7.47.0",
        "@sentry/node": "^7.86.0",
        "@sentry/types": "^7.86.0",
        "@sentry/utils": "^7.86.0",
        "@types/command-exists": "^1.2.0",
        "@types/glob-to-regexp": "^0.4.1",
        "@types/is-ci": "^3.0.0",
        "@types/javascript-time-ago": "^2.0.3",
        "@types/mime": "^3.0.4",
        "@types/minimatch": "^5.1.2",
        "@types/node": "^18.19.75",
        "@types/node-forge": "^1.3.11",
        "@types/prompts": "^2.0.14",
        "@types/resolve": "^1.20.6",
        "@types/shell-quote": "^1.7.2",
        "@types/signal-exit": "^3.0.1",
        "@types/supports-color": "^8.1.1",
        "@types/ws": "^8.5.7",
        "@types/yargs": "^17.0.22",
        "@vitest/ui": "~3.0.5",
        "@webcontainer/env": "^1.1.0",
        "chalk": "^5.2.0",
        "chokidar": "^4.0.1",
        "cli-table3": "^0.6.3",
        "cmd-shim": "^4.1.0",
        "command-exists": "^1.2.9",
        "concurrently": "^8.2.2",
        "date-fns": "^4.1.0",
        "devtools-protocol": "^0.0.1182435",
        "dotenv": "^16.3.1",
        "execa": "^6.1.0",
        "find-up": "^6.3.0",
        "get-port": "^7.0.0",
        "glob-to-regexp": "^0.4.1",
        "https-proxy-agent": "7.0.2",
        "is-ci": "^3.0.1",
        "itty-time": "^1.0.6",
        "javascript-time-ago": "^2.5.4",
        "md5-file": "5.0.0",
        "mime": "^3.0.0",
        "minimatch": "^5.1.0",
        "mock-socket": "^9.3.1",
        "msw": "2.4.3",
        "node-forge": "^1.3.1",
        "open": "^8.4.0",
        "p-queue": "^7.2.0",
        "patch-console": "^1.0.0",
        "pretty-bytes": "^6.0.0",
        "prompts": "^2.4.2",
        "resolve": "^1.22.8",
        "rimraf": "^5.0.10",
        "selfsigned": "^2.0.1",
        "semiver": "^1.1.0",
        "shell-quote": "^1.8.1",
        "signal-exit": "^3.0.7",
        "source-map": "^0.6.1",
        "strip-ansi": "^7.1.0",
        "supports-color": "^9.2.2",
        "timeago.js": "^4.0.2",
        "ts-dedent": "^2.2.0",
        "ts-json-schema-generator": "^1.5.0",
        "typescript": "^5.7.2",
        "undici": "^5.28.5",
        "update-check": "^1.5.4",
        "vitest": "~3.0.5",
        "vitest-websocket-mock": "^0.4.0",
        "ws": "8.18.0",
        "xdg-app-paths": "^8.3.0",
        "xxhash-wasm": "^1.0.1",
        "yargs": "^17.7.2"
      },
      "engines": {
        "node": ">=16.17.0"
      },
      "optionalDependencies": {
        "fsevents": "~2.3.2",
        "sharp": "^0.33.5"
      },
      "peerDependencies": {
        "@cloudflare/workers-types": "^4.20250408.0"
      },
      "peerDependenciesMeta": {
        "@cloudflare/workers-types": {
          "optional": true
        }
      }
    },
    "node_modules/@cloudflare/ai": {
      "resolved": "../../node_modules/.pnpm/@cloudflare+ai@1.2.2/node_modules/@cloudflare/ai",
      "link": true
    },
    "node_modules/@cloudflare/ai-utils": {
      "version": "1.0.1",
      "resolved": "https://registry.npmjs.org/@cloudflare/ai-utils/-/ai-utils-1.0.1.tgz",
      "integrity": "sha512-gmn16AvVqtMLcaBYvPkwEWui39E4hlcFPqXuVamKbGleIDO6hVpvAy3KCvbnoPVT7KqRcfdLLpHRIBQDwI9tWQ==",
      "license": "Apache-2.0",
      "dependencies": {
        "yaml": "^2.4.5",
        "zod": "^3.23.8"
      }
    },
    "node_modules/@cloudflare/workers-types": {
      "resolved": "../../node_modules/.pnpm/@cloudflare+workers-types@4.20260203.0/node_modules/@cloudflare/workers-types",
      "link": true
    },
    "node_modules/ai": {
      "resolved": "../../node_modules/.pnpm/ai@6.0.69_zod@4.3.6/node_modules/ai",
      "link": true
    },
    "node_modules/hono": {
      "resolved": "../../node_modules/.pnpm/hono@4.11.7/node_modules/hono",
      "link": true
    },
    "node_modules/workers-ai-provider": {
      "resolved": "../../node_modules/.pnpm/workers-ai-provider@3.0.4_@ai-sdk+provider-utils@4.0.13_zod@4.3.6__@ai-sdk+provider@3.0.7_ai@6.0.69_zod@4.3.6__zod@4.3.6/node_modules/workers-ai-provider",
      "link": true
    },
    "node_modules/wrangler": {
      "resolved": "../../node_modules/.pnpm/wrangler@3.114.17_@cloudflare+workers-types@4.20260203.0/node_modules/wrangler",
      "link": true
    },
    "node_modules/yaml": {
      "version": "2.8.2",
      "license": "ISC",
      "bin": {
        "yaml": "bin.mjs"
      },
      "engines": {
        "node": ">= 14.6"
      },
      "funding": {
        "url": "https://github.com/sponsors/eemeli"
      }
    },
    "node_modules/zod": {
      "version": "3.25.76",
      "license": "MIT",
      "funding": {
        "url": "https://github.com/sponsors/colinhacks"
      }
    }
  }
}
